// !$*UTF8*$!
{
	archiveVersion = 1;
	classes = {
	};
	objectVersion = 50;
	objects = {

/* Begin PBXBuildFile section */
		59D0D3A7213C8B5300447E50 /* AppDelegate.swift in Sources */ = {isa = PBXBuildFile; fileRef = 59D0D3A6213C8B5300447E50 /* AppDelegate.swift */; };
		59D0D3A9213C8B5300447E50 /* ViewController.swift in Sources */ = {isa = PBXBuildFile; fileRef = 59D0D3A8213C8B5300447E50 /* ViewController.swift */; };
		59D0D3AC213C8B5400447E50 /* Main.storyboard in Resources */ = {isa = PBXBuildFile; fileRef = 59D0D3AA213C8B5400447E50 /* Main.storyboard */; };
		59D0D3AE213C8B6600447E50 /* Assets.xcassets in Resources */ = {isa = PBXBuildFile; fileRef = 59D0D3AD213C8B6600447E50 /* Assets.xcassets */; };
		59D0D3B1213C8B6600447E50 /* LaunchScreen.storyboard in Resources */ = {isa = PBXBuildFile; fileRef = 59D0D3AF213C8B6600447E50 /* LaunchScreen.storyboard */; };
		59D0D3BC213C8B6700447E50 /* Tip_CalculatorTests.swift in Sources */ = {isa = PBXBuildFile; fileRef = 59D0D3BB213C8B6700447E50 /* Tip_CalculatorTests.swift */; };
		59D0D3C7213C8B6700447E50 /* Tip_CalculatorUITests.swift in Sources */ = {isa = PBXBuildFile; fileRef = 59D0D3C6213C8B6700447E50 /* Tip_CalculatorUITests.swift */; };
/* End PBXBuildFile section */

/* Begin PBXContainerItemProxy section */
		59D0D3B8213C8B6700447E50 /* PBXContainerItemProxy */ = {
			isa = PBXContainerItemProxy;
			containerPortal = 59D0D39B213C8B5200447E50 /* Project object */;
			proxyType = 1;
			remoteGlobalIDString = 59D0D3A2213C8B5300447E50;
			remoteInfo = "Tip Calculator";
		};
		59D0D3C3213C8B6700447E50 /* PBXContainerItemProxy */ = {
			isa = PBXContainerItemProxy;
			containerPortal = 59D0D39B213C8B5200447E50 /* Project object */;
			proxyType = 1;
			remoteGlobalIDString = 59D0D3A2213C8B5300447E50;
			remoteInfo = "Tip Calculator";
		};
/* End PBXContainerItemProxy section */

/* Begin PBXFileReference section */
		59D0D3A3213C8B5300447E50 /* Tip Calculator.app */ = {isa = PBXFileReference; explicitFileType = wrapper.application; includeInIndex = 0; path = "Tip Calculator.app"; sourceTree = BUILT_PRODUCTS_DIR; };
		59D0D3A6213C8B5300447E50 /* AppDelegate.swift */ = {isa = PBXFileReference; lastKnownFileType = sourcecode.swift; path = AppDelegate.swift; sourceTree = "<group>"; };
		59D0D3A8213C8B5300447E50 /* ViewController.swift */ = {isa = PBXFileReference; lastKnownFileType = sourcecode.swift; path = ViewController.swift; sourceTree = "<group>"; };
		59D0D3AB213C8B5400447E50 /* Base */ = {isa = PBXFileReference; lastKnownFileType = file.storyboard; name = Base; path = Base.lproj/Main.storyboard; sourceTree = "<group>"; };
		59D0D3AD213C8B6600447E50 /* Assets.xcassets */ = {isa = PBXFileReference; lastKnownFileType = folder.assetcatalog; path = Assets.xcassets; sourceTree = "<group>"; };
		59D0D3B0213C8B6600447E50 /* Base */ = {isa = PBXFileReference; lastKnownFileType = file.storyboard; name = Base; path = Base.lproj/LaunchScreen.storyboard; sourceTree = "<group>"; };
		59D0D3B2213C8B6600447E50 /* Info.plist */ = {isa = PBXFileReference; lastKnownFileType = text.plist.xml; path = Info.plist; sourceTree = "<group>"; };
		59D0D3B7213C8B6700447E50 /* Tip CalculatorTests.xctest */ = {isa = PBXFileReference; explicitFileType = wrapper.cfbundle; includeInIndex = 0; path = "Tip CalculatorTests.xctest"; sourceTree = BUILT_PRODUCTS_DIR; };
		59D0D3BB213C8B6700447E50 /* Tip_CalculatorTests.swift */ = {isa = PBXFileReference; lastKnownFileType = sourcecode.swift; path = Tip_CalculatorTests.swift; sourceTree = "<group>"; };
		59D0D3BD213C8B6700447E50 /* Info.plist */ = {isa = PBXFileReference; lastKnownFileType = text.plist.xml; path = Info.plist; sourceTree = "<group>"; };
		59D0D3C2213C8B6700447E50 /* Tip CalculatorUITests.xctest */ = {isa = PBXFileReference; explicitFileType = wrapper.cfbundle; includeInIndex = 0; path = "Tip CalculatorUITests.xctest"; sourceTree = BUILT_PRODUCTS_DIR; };
		59D0D3C6213C8B6700447E50 /* Tip_CalculatorUITests.swift */ = {isa = PBXFileReference; lastKnownFileType = sourcecode.swift; path = Tip_CalculatorUITests.swift; sourceTree = "<group>"; };
		59D0D3C8213C8B6700447E50 /* Info.plist */ = {isa = PBXFileReference; lastKnownFileType = text.plist.xml; path = Info.plist; sourceTree = "<group>"; };
/* End PBXFileReference section */

/* Begin PBXFrameworksBuildPhase section */
		59D0D3A0213C8B5300447E50 /* Frameworks */ = {
			isa = PBXFrameworksBuildPhase;
			buildActionMask = 2147483647;
			files = (
			);
			runOnlyForDeploymentPostprocessing = 0;
		};
		59D0D3B4213C8B6700447E50 /* Frameworks */ = {
			isa = PBXFrameworksBuildPhase;
			buildActionMask = 2147483647;
			files = (
			);
			runOnlyForDeploymentPostprocessing = 0;
		};
		59D0D3BF213C8B6700447E50 /* Frameworks */ = {
			isa = PBXFrameworksBuildPhase;
			buildActionMask = 2147483647;
			files = (
			);
			runOnlyForDeploymentPostprocessing = 0;
		};
/* End PBXFrameworksBuildPhase section */

/* Begin PBXGroup section */
		59D0D39A213C8B5200447E50 = {
			isa = PBXGroup;
			children = (
				59D0D3A5213C8B5300447E50 /* Tip Calculator */,
				59D0D3BA213C8B6700447E50 /* Tip CalculatorTests */,
				59D0D3C5213C8B6700447E50 /* Tip CalculatorUITests */,
				59D0D3A4213C8B5300447E50 /* Products */,
			);
			sourceTree = "<group>";
		};
		59D0D3A4213C8B5300447E50 /* Products */ = {
			isa = PBXGroup;
			children = (
				59D0D3A3213C8B5300447E50 /* Tip Calculator.app */,
				59D0D3B7213C8B6700447E50 /* Tip CalculatorTests.xctest */,
				59D0D3C2213C8B6700447E50 /* Tip CalculatorUITests.xctest */,
			);
			name = Products;
			sourceTree = "<group>";
		};
		59D0D3A5213C8B5300447E50 /* Tip Calculator */ = {
			isa = PBXGroup;
			children = (
				59D0D3A6213C8B5300447E50 /* AppDelegate.swift */,
				59D0D3A8213C8B5300447E50 /* ViewController.swift */,
				59D0D3AA213C8B5400447E50 /* Main.storyboard */,
				59D0D3AD213C8B6600447E50 /* Assets.xcassets */,
				59D0D3AF213C8B6600447E50 /* LaunchScreen.storyboard */,
				59D0D3B2213C8B6600447E50 /* Info.plist */,
			);
			path = "Tip Calculator";
			sourceTree = "<group>";
		};
		59D0D3BA213C8B6700447E50 /* Tip CalculatorTests */ = {
			isa = PBXGroup;
			children = (
				59D0D3BB213C8B6700447E50 /* Tip_CalculatorTests.swift */,
				59D0D3BD213C8B6700447E50 /* Info.plist */,
			);
			path = "Tip CalculatorTests";
			sourceTree = "<group>";
		};
		59D0D3C5213C8B6700447E50 /* Tip CalculatorUITests */ = {
			isa = PBXGroup;
			children = (
				59D0D3C6213C8B6700447E50 /* Tip_CalculatorUITests.swift */,
				59D0D3C8213C8B6700447E50 /* Info.plist */,
			);
			path = "Tip CalculatorUITests";
			sourceTree = "<group>";
		};
/* End PBXGroup section */

/* Begin PBXNativeTarget section */
		59D0D3A2213C8B5300447E50 /* Tip Calculator */ = {
			isa = PBXNativeTarget;
			buildConfigurationList = 59D0D3CB213C8B6800447E50 /* Build configuration list for PBXNativeTarget "Tip Calculator" */;
			buildPhases = (
				59D0D39F213C8B5300447E50 /* Sources */,
				59D0D3A0213C8B5300447E50 /* Frameworks */,
				59D0D3A1213C8B5300447E50 /* Resources */,
			);
			buildRules = (
			);
			dependencies = (
			);
			name = "Tip Calculator";
			productName = "Tip Calculator";
			productReference = 59D0D3A3213C8B5300447E50 /* Tip Calculator.app */;
			productType = "com.apple.product-type.application";
		};
		59D0D3B6213C8B6700447E50 /* Tip CalculatorTests */ = {
			isa = PBXNativeTarget;
			buildConfigurationList = 59D0D3CE213C8B6800447E50 /* Build configuration list for PBXNativeTarget "Tip CalculatorTests" */;
			buildPhases = (
				59D0D3B3213C8B6700447E50 /* Sources */,
				59D0D3B4213C8B6700447E50 /* Frameworks */,
				59D0D3B5213C8B6700447E50 /* Resources */,
			);
			buildRules = (
			);
			dependencies = (
				59D0D3B9213C8B6700447E50 /* PBXTargetDependency */,
			);
			name = "Tip CalculatorTests";
			productName = "Tip CalculatorTests";
			productReference = 59D0D3B7213C8B6700447E50 /* Tip CalculatorTests.xctest */;
			productType = "com.apple.product-type.bundle.unit-test";
		};
		59D0D3C1213C8B6700447E50 /* Tip CalculatorUITests */ = {
			isa = PBXNativeTarget;
			buildConfigurationList = 59D0D3D1213C8B6800447E50 /* Build configuration list for PBXNativeTarget "Tip CalculatorUITests" */;
			buildPhases = (
				59D0D3BE213C8B6700447E50 /* Sources */,
				59D0D3BF213C8B6700447E50 /* Frameworks */,
				59D0D3C0213C8B6700447E50 /* Resources */,
			);
			buildRules = (
			);
			dependencies = (
				59D0D3C4213C8B6700447E50 /* PBXTargetDependency */,
			);
			name = "Tip CalculatorUITests";
			productName = "Tip CalculatorUITests";
			productReference = 59D0D3C2213C8B6700447E50 /* Tip CalculatorUITests.xctest */;
			productType = "com.apple.product-type.bundle.ui-testing";
		};
/* End PBXNativeTarget section */

/* Begin PBXProject section */
		59D0D39B213C8B5200447E50 /* Project object */ = {
			isa = PBXProject;
			attributes = {
				LastSwiftUpdateCheck = 0940;
				LastUpgradeCheck = 0940;
				ORGANIZATIONNAME = "Djason  Sylvaince";
				TargetAttributes = {
					59D0D3A2213C8B5300447E50 = {
						CreatedOnToolsVersion = 9.4.1;
					};
					59D0D3B6213C8B6700447E50 = {
						CreatedOnToolsVersion = 9.4.1;
						TestTargetID = 59D0D3A2213C8B5300447E50;
					};
					59D0D3C1213C8B6700447E50 = {
						CreatedOnToolsVersion = 9.4.1;
						TestTargetID = 59D0D3A2213C8B5300447E50;
					};
				};
			};
			buildConfigurationList = 59D0D39E213C8B5200447E50 /* Build configuration list for PBXProject "Tip Calculator" */;
			compatibilityVersion = "Xcode 9.3";
			developmentRegion = en;
			hasScannedForEncodings = 0;
			knownRegions = (
				en,
				Base,
			);
			mainGroup = 59D0D39A213C8B5200447E50;
			productRefGroup = 59D0D3A4213C8B5300447E50 /* Products */;
			projectDirPath = "";
			projectRoot = "";
			targets = (
				59D0D3A2213C8B5300447E50 /* Tip Calculator */,
				59D0D3B6213C8B6700447E50 /* Tip CalculatorTests */,
				59D0D3C1213C8B6700447E50 /* Tip CalculatorUITests */,
			);
		};
/* End PBXProject section */

/* Begin PBXResourcesBuildPhase section */
		59D0D3A1213C8B5300447E50 /* Resources */ = {
			isa = PBXResourcesBuildPhase;
			buildActionMask = 2147483647;
			files = (
				59D0D3B1213C8B6600447E50 /* LaunchScreen.storyboard in Resources */,
				59D0D3AE213C8B6600447E50 /* Assets.xcassets in Resources */,
				59D0D3AC213C8B5400447E50 /* Main.storyboard in Resources */,
			);
			runOnlyForDeploymentPostprocessing = 0;
		};
		59D0D3B5213C8B6700447E50 /* Resources */ = {
			isa = PBXResourcesBuildPhase;
			buildActionMask = 2147483647;
			files = (
			);
			runOnlyForDeploymentPostprocessing = 0;
		};
		59D0D3C0213C8B6700447E50 /* Resources */ = {
			isa = PBXResourcesBuildPhase;
			buildActionMask = 2147483647;
			files = (
			);
			runOnlyForDeploymentPostprocessing = 0;
		};
/* End PBXResourcesBuildPhase section */

/* Begin PBXSourcesBuildPhase section */
		59D0D39F213C8B5300447E50 /* Sources */ = {
			isa = PBXSourcesBuildPhase;
			buildActionMask = 2147483647;
			files = (
				59D0D3A9213C8B5300447E50 /* ViewController.swift in Sources */,
				59D0D3A7213C8B5300447E50 /* AppDelegate.swift in Sources */,
			);
			runOnlyForDeploymentPostprocessing = 0;
		};
		59D0D3B3213C8B6700447E50 /* Sources */ = {
			isa = PBXSourcesBuildPhase;
			buildActionMask = 2147483647;
			files = (
				59D0D3BC213C8B6700447E50 /* Tip_CalculatorTests.swift in Sources */,
			);
			runOnlyForDeploymentPostprocessing = 0;
		};
		59D0D3BE213C8B6700447E50 /* Sources */ = {
			isa = PBXSourcesBuildPhase;
			buildActionMask = 2147483647;
			files = (
				59D0D3C7213C8B6700447E50 /* Tip_CalculatorUITests.swift in Sources */,
			);
			runOnlyForDeploymentPostprocessing = 0;
		};
/* End PBXSourcesBuildPhase section */

/* Begin PBXTargetDependency section */
		59D0D3B9213C8B6700447E50 /* PBXTargetDependency */ = {
			isa = PBXTargetDependency;
			target = 59D0D3A2213C8B5300447E50 /* Tip Calculator */;
			targetProxy = 59D0D3B8213C8B6700447E50 /* PBXContainerItemProxy */;
		};
		59D0D3C4213C8B6700447E50 /* PBXTargetDependency */ = {
			isa = PBXTargetDependency;
			target = 59D0D3A2213C8B5300447E50 /* Tip Calculator */;
			targetProxy = 59D0D3C3213C8B6700447E50 /* PBXContainerItemProxy */;
		};
/* End PBXTargetDependency section */

/* Begin PBXVariantGroup section */
		59D0D3AA213C8B5400447E50 /* Main.storyboard */ = {
			isa = PBXVariantGroup;
			children = (
				59D0D3AB213C8B5400447E50 /* Base */,
			);
			name = Main.storyboard;
			sourceTree = "<group>";
		};
		59D0D3AF213C8B6600447E50 /* LaunchScreen.storyboard */ = {
			isa = PBXVariantGroup;
			children = (
				59D0D3B0213C8B6600447E50 /* Base */,
			);
			name = LaunchScreen.storyboard;
			sourceTree = "<group>";
		};
/* End PBXVariantGroup section */

/* Begin XCBuildConfiguration section */
		59D0D3C9213C8B6700447E50 /* Debug */ = {
			isa = XCBuildConfiguration;
			buildSettings = {
				ALWAYS_SEARCH_USER_PATHS = NO;
				CLANG_ANALYZER_NONNULL = YES;
				CLANG_ANALYZER_NUMBER_OBJECT_CONVERSION = YES_AGGRESSIVE;
				CLANG_CXX_LANGUAGE_STANDARD = "gnu++14";
				CLANG_CXX_LIBRARY = "libc++";
				CLANG_ENABLE_MODULES = YES;
				CLANG_ENABLE_OBJC_ARC = YES;
				CLANG_ENABLE_OBJC_WEAK = YES;
				CLANG_WARN_BLOCK_CAPTURE_AUTORELEASING = YES;
				CLANG_WARN_BOOL_CONVERSION = YES;
				CLANG_WARN_COMMA = YES;
				CLANG_WARN_CONSTANT_CONVERSION = YES;
				CLANG_WARN_DEPRECATED_OBJC_IMPLEMENTATIONS = YES;
				CLANG_WARN_DIRECT_OBJC_ISA_USAGE = YES_ERROR;
				CLANG_WARN_DOCUMENTATION_COMMENTS = YES;
				CLANG_WARN_EMPTY_BODY = YES;
				CLANG_WARN_ENUM_CONVERSION = YES;
				CLANG_WARN_INFINITE_RECURSION = YES;
				CLANG_WARN_INT_CONVERSION = YES;
				CLANG_WARN_NON_LITERAL_NULL_CONVERSION = YES;
				CLANG_WARN_OBJC_IMPLICIT_RETAIN_SELF = YES;
				CLANG_WARN_OBJC_LITERAL_CONVERSION = YES;
				CLANG_WARN_OBJC_ROOT_CLASS = YES_ERROR;
				CLANG_WARN_RANGE_LOOP_ANALYSIS = YES;
				CLANG_WARN_STRICT_PROTOTYPES = YES;
				CLANG_WARN_SUSPICIOUS_MOVE = YES;
				CLANG_WARN_UNGUARDED_AVAILABILITY = YES_AGGRESSIVE;
				CLANG_WARN_UNREACHABLE_CODE = YES;
				CLANG_WARN__DUPLICATE_METHOD_MATCH = YES;
				CODE_SIGN_IDENTITY = "iPhone Developer";
				COPY_PHASE_STRIP = NO;
				DEBUG_INFORMATION_FORMAT = dwarf;
				ENABLE_STRICT_OBJC_MSGSEND = YES;
				ENABLE_TESTABILITY = YES;
				GCC_C_LANGUAGE_STANDARD = gnu11;
				GCC_DYNAMIC_NO_PIC = NO;
				GCC_NO_COMMON_BLOCKS = YES;
				GCC_OPTIMIZATION_LEVEL = 0;
				GCC_PREPROCESSOR_DEFINITIONS = (
					"DEBUG=1",
					"$(inherited)",
				);
				GCC_WARN_64_TO_32_BIT_CONVERSION = YES;
				GCC_WARN_ABOUT_RETURN_TYPE = YES_ERROR;
				GCC_WARN_UNDECLARED_SELECTOR = YES;
				GCC_WARN_UNINITIALIZED_AUTOS = YES_AGGRESSIVE;
				GCC_WARN_UNUSED_FUNCTION = YES;
				GCC_WARN_UNUSED_VARIABLE = YES;
				IPHONEOS_DEPLOYMENT_TARGET = 11.4;
				MTL_ENABLE_DEBUG_INFO = YES;
				ONLY_ACTIVE_ARCH = YES;
				SDKROOT = iphoneos;
				SWIFT_ACTIVE_COMPILATION_CONDITIONS = DEBUG;
				SWIFT_OPTIMIZATION_LEVEL = "-Onone";
			};
			name = Debug;
		};
		59D0D3CA213C8B6700447E50 /* Release */ = {
			isa = XCBuildConfiguration;
			buildSettings = {
				ALWAYS_SEARCH_USER_PATHS = NO;
				CLANG_ANALYZER_NONNULL = YES;
				CLANG_ANALYZER_NUMBER_OBJECT_CONVERSION = YES_AGGRESSIVE;
				CLANG_CXX_LANGUAGE_STANDARD = "gnu++14";
				CLANG_CXX_LIBRARY = "libc++";
				CLANG_ENABLE_MODULES = YES;
				CLANG_ENABLE_OBJC_ARC = YES;
				CLANG_ENABLE_OBJC_WEAK = YES;
				CLANG_WARN_BLOCK_CAPTURE_AUTORELEASING = YES;
				CLANG_WARN_BOOL_CONVERSION = YES;
				CLANG_WARN_COMMA = YES;
				CLANG_WARN_CONSTANT_CONVERSION = YES;
				CLANG_WARN_DEPRECATED_OBJC_IMPLEMENTATIONS = YES;
				CLANG_WARN_DIRECT_OBJC_ISA_USAGE = YES_ERROR;
				CLANG_WARN_DOCUMENTATION_COMMENTS = YES;
				CLANG_WARN_EMPTY_BODY = YES;
				CLANG_WARN_ENUM_CONVERSION = YES;
				CLANG_WARN_INFINITE_RECURSION = YES;
				CLANG_WARN_INT_CONVERSION = YES;
				CLANG_WARN_NON_LITERAL_NULL_CONVERSION = YES;
				CLANG_WARN_OBJC_IMPLICIT_RETAIN_SELF = YES;
				CLANG_WARN_OBJC_LITERAL_CONVERSION = YES;
				CLANG_WARN_OBJC_ROOT_CLASS = YES_ERROR;
				CLANG_WARN_RANGE_LOOP_ANALYSIS = YES;
				CLANG_WARN_STRICT_PROTOTYPES = YES;
				CLANG_WARN_SUSPICIOUS_MOVE = YES;
				CLANG_WARN_UNGUARDED_AVAILABILITY = YES_AGGRESSIVE;
				CLANG_WARN_UNREACHABLE_CODE = YES;
				CLANG_WARN__DUPLICATE_METHOD_MATCH = YES;
				CODE_SIGN_IDENTITY = "iPhone Developer";
				COPY_PHASE_STRIP = NO;
				DEBUG_INFORMATION_FORMAT = "dwarf-with-dsym";
				ENABLE_NS_ASSERTIONS = NO;
				ENABLE_STRICT_OBJC_MSGSEND = YES;
				GCC_C_LANGUAGE_STANDARD = gnu11;
				GCC_NO_COMMON_BLOCKS = YES;
				GCC_WARN_64_TO_32_BIT_CONVERSION = YES;
				GCC_WARN_ABOUT_RETURN_TYPE = YES_ERROR;
				GCC_WARN_UNDECLARED_SELECTOR = YES;
				GCC_WARN_UNINITIALIZED_AUTOS = YES_AGGRESSIVE;
				GCC_WARN_UNUSED_FUNCTION = YES;
				GCC_WARN_UNUSED_VARIABLE = YES;
				IPHONEOS_DEPLOYMENT_TARGET = 11.4;
				MTL_ENABLE_DEBUG_INFO = NO;
				SDKROOT = iphoneos;
				SWIFT_COMPILATION_MODE = wholemodule;
				SWIFT_OPTIMIZATION_LEVEL = "-O";
				VALIDATE_PRODUCT = YES;
			};
			name = Release;
		};
		59D0D3CC213C8B6800447E50 /* Debug */ = {
			isa = XCBuildConfiguration;
			buildSettings = {
				ASSETCATALOG_COMPILER_APPICON_NAME = AppIcon;
				CODE_SIGN_STYLE = Automatic;
				INFOPLIST_FILE = "Tip Calculator/Info.plist";
				LD_RUNPATH_SEARCH_PATHS = (
					"$(inherited)",
					"@executable_path/Frameworks",
				);
				PRODUCT_BUNDLE_IDENTIFIER = "com.djason.Tip-Calculator";
				PRODUCT_NAME = "$(TARGET_NAME)";
				SWIFT_VERSION = 4.0;
				TARGETED_DEVICE_FAMILY = "1,2";
			};
			name = Debug;
		};
		59D0D3CD213C8B6800447E50 /* Release */ = {
			isa = XCBuildConfiguration;
			buildSettings = {
				ASSETCATALOG_COMPILER_APPICON_NAME = AppIcon;
				CODE_SIGN_STYLE = Automatic;
				INFOPLIST_FILE = "Tip Calculator/Info.plist";
				LD_RUNPATH_SEARCH_PATHS = (
					"$(inherited)",
					"@executable_path/Frameworks",
				);
				PRODUCT_BUNDLE_IDENTIFIER = "com.djason.Tip-Calculator";
				PRODUCT_NAME = "$(TARGET_NAME)";
				SWIFT_VERSION = 4.0;
				TARGETED_DEVICE_FAMILY = "1,2";
			};
			name = Release;
		};
		59D0D3CF213C8B6800447E50 /* Debug */ = {
			isa = XCBuildConfiguration;
			buildSettings = {
				ALWAYS_EMBED_SWIFT_STANDARD_LIBRARIES = YES;
				BUNDLE_LOADER = "$(TEST_HOST)";
				CODE_SIGN_STYLE = Automatic;
				INFOPLIST_FILE = "Tip CalculatorTests/Info.plist";
				LD_RUNPATH_SEARCH_PATHS = (
					"$(inherited)",
					"@executable_path/Frameworks",
					"@loader_path/Frameworks",
				);
				PRODUCT_BUNDLE_IDENTIFIER = "com.djason.Tip-CalculatorTests";
				PRODUCT_NAME = "$(TARGET_NAME)";
				SWIFT_VERSION = 4.0;
				TARGETED_DEVICE_FAMILY = "1,2";
				TEST_HOST = "$(BUILT_PRODUCTS_DIR)/Tip Calculator.app/Tip Calculator";
			};
			name = Debug;
		};
		59D0D3D0213C8B6800447E50 /* Release */ = {
			isa = XCBuildConfiguration;
			buildSettings = {
				ALWAYS_EMBED_SWIFT_STANDARD_LIBRARIES = YES;
				BUNDLE_LOADER = "$(TEST_HOST)";
				CODE_SIGN_STYLE = Automatic;
				INFOPLIST_FILE = "Tip CalculatorTests/Info.plist";
				LD_RUNPATH_SEARCH_PATHS = (
					"$(inherited)",
					"@executable_path/Frameworks",
					"@loader_path/Frameworks",
				);
				PRODUCT_BUNDLE_IDENTIFIER = "com.djason.Tip-CalculatorTests";
				PRODUCT_NAME = "$(TARGET_NAME)";
				SWIFT_VERSION = 4.0;
				TARGETED_DEVICE_FAMILY = "1,2";
				TEST_HOST = "$(BUILT_PRODUCTS_DIR)/Tip Calculator.app/Tip Calculator";
			};
			name = Release;
		};
		59D0D3D2213C8B6800447E50 /* Debug */ = {
			isa = XCBuildConfiguration;
			buildSettings = {
				ALWAYS_EMBED_SWIFT_STANDARD_LIBRARIES = YES;
				CODE_SIGN_STYLE = Automatic;
				INFOPLIST_FILE = "Tip CalculatorUITests/Info.plist";
				LD_RUNPATH_SEARCH_PATHS = (
					"$(inherited)",
					"@executable_path/Frameworks",
					"@loader_path/Frameworks",
				);
				PRODUCT_BUNDLE_IDENTIFIER = "com.djason.Tip-CalculatorUITests";
				PRODUCT_NAME = "$(TARGET_NAME)";
				SWIFT_VERSION = 4.0;
				TARGETED_DEVICE_FAMILY = "1,2";
				TEST_TARGET_NAME = "Tip Calculator";
			};
			name = Debug;
		};
		59D0D3D3213C8B6800447E50 /* Release */ = {
			isa = XCBuildConfiguration;
			buildSettings = {
				ALWAYS_EMBED_SWIFT_STANDARD_LIBRARIES = YES;
				CODE_SIGN_STYLE = Automatic;
				INFOPLIST_FILE = "Tip CalculatorUITests/Info.plist";
				LD_RUNPATH_SEARCH_PATHS = (
					"$(inherited)",
					"@executable_path/Frameworks",
					"@loader_path/Frameworks",
				);
				PRODUCT_BUNDLE_IDENTIFIER = "com.djason.Tip-CalculatorUITests";
				PRODUCT_NAME = "$(TARGET_NAME)";
				SWIFT_VERSION = 4.0;
				TARGETED_DEVICE_FAMILY = "1,2";
				TEST_TARGET_NAME = "Tip Calculator";
			};
			name = Release;
		};
/* End XCBuildConfiguration section */

/* Begin XCConfigurationList section */
		59D0D39E213C8B5200447E50 /* Build configuration list for PBXProject "Tip Calculator" */ = {
			isa = XCConfigurationList;
			buildConfigurations = (
				59D0D3C9213C8B6700447E50 /* Debug */,
				59D0D3CA213C8B6700447E50 /* Release */,
			);
			defaultConfigurationIsVisible = 0;
			defaultConfigurationName = Release;
		};
		59D0D3CB213C8B6800447E50 /* Build configuration list for PBXNativeTarget "Tip Calculator" */ = {
			isa = XCConfigurationList;
			buildConfigurations = (
				59D0D3CC213C8B6800447E50 /* Debug */,
				59D0D3CD213C8B6800447E50 /* Release */,
			);
			defaultConfigurationIsVisible = 0;
			defaultConfigurationName = Release;
		};
		59D0D3CE213C8B6800447E50 /* Build configuration list for PBXNativeTarget "Tip CalculatorTests" */ = {
			isa = XCConfigurationList;
			buildConfigurations = (
				59D0D3CF213C8B6800447E50 /* Debug */,
				59D0D3D0213C8B6800447E50 /* Release */,
			);
			defaultConfigurationIsVisible = 0;
			defaultConfigurationName = Release;
		};
		59D0D3D1213C8B6800447E50 /* Build configuration list for PBXNativeTarget "Tip CalculatorUITests" */ = {
			isa = XCConfigurationList;
			buildConfigurations = (
				59D0D3D2213C8B6800447E50 /* Debug */,
				59D0D3D3213C8B6800447E50 /* Release */,
			);
			defaultConfigurationIsVisible = 0;
			defaultConfigurationName = Release;
		};
/* End XCConfigurationList section */
	};
	rootObject = 59D0D39B213C8B5200447E50 /* Project object */;
}
